// !$*UTF8*$!
{
	archiveVersion = 1;
	classes = {
	};
	objectVersion = 46;
	objects = {

/* Begin PBXBuildFile section */
		0A218DAF156D9527008630D0 /* ItemViewController.m in Sources */ = {isa = PBXBuildFile; fileRef = 0A218DAE156D9527008630D0 /* ItemViewController.m */; };
		0A218DB3156E0D2C008630D0 /* CategoryViewController.m in Sources */ = {isa = PBXBuildFile; fileRef = 0A218DB2156E0D2C008630D0 /* CategoryViewController.m */; };
		0A2F27921571CC0400862BF0 /* GData.framework in Frameworks */ = {isa = PBXBuildFile; fileRef = 0A2F27911571CC0400862BF0 /* GData.framework */; };
		0A744EF915606EC400D90528 /* EBayAuthViewController.m in Sources */ = {isa = PBXBuildFile; fileRef = 0A744EF815606EC300D90528 /* EBayAuthViewController.m */; };
		0A744F0015607A9A00D90528 /* EBayAuthClient.m in Sources */ = {isa = PBXBuildFile; fileRef = 0A744EFF15607A9900D90528 /* EBayAuthClient.m */; };
		0A744F031560B44300D90528 /* HttpPostHelper.m in Sources */ = {isa = PBXBuildFile; fileRef = 0A744F021560B44200D90528 /* HttpPostHelper.m */; };
		0A744F0C1560EB1E00D90528 /* XMLReader.m in Sources */ = {isa = PBXBuildFile; fileRef = 0A744F0B1560EB1D00D90528 /* XMLReader.m */; };
		0A7B61671570930B00F06657 /* OptionLists.m in Sources */ = {isa = PBXBuildFile; fileRef = 0A7B61661570930B00F06657 /* OptionLists.m */; };
		1B16D015155277E100F0E0E7 /* PostViewController.m in Sources */ = {isa = PBXBuildFile; fileRef = 1B16D014155277E100F0E0E7 /* PostViewController.m */; };
		1B16D01E1552828D00F0E0E7 /* MobileCoreServices.framework in Frameworks */ = {isa = PBXBuildFile; fileRef = 1B16D01D1552828D00F0E0E7 /* MobileCoreServices.framework */; };
		1B16D02C155290FE00F0E0E7 /* VideoViewController.m in Sources */ = {isa = PBXBuildFile; fileRef = 1B16D02B155290FE00F0E0E7 /* VideoViewController.m */; };
		1B16D0461556EF3500F0E0E7 /* PostDetailViewController.m in Sources */ = {isa = PBXBuildFile; fileRef = 1B16D0451556EF3500F0E0E7 /* PostDetailViewController.m */; };
		1B16D0491556F56200F0E0E7 /* QuartzCore.framework in Frameworks */ = {isa = PBXBuildFile; fileRef = 1B16D0481556F56200F0E0E7 /* QuartzCore.framework */; };
		1B16D0501557581F00F0E0E7 /* YouTubeClient.m in Sources */ = {isa = PBXBuildFile; fileRef = 1B16D04F1557581F00F0E0E7 /* YouTubeClient.m */; };
		1B16D06615575E5500F0E0E7 /* NSObject+SBJSON.m in Sources */ = {isa = PBXBuildFile; fileRef = 1B16D05B15575E5500F0E0E7 /* NSObject+SBJSON.m */; };
		1B16D06715575E5500F0E0E7 /* NSString+SBJSON.m in Sources */ = {isa = PBXBuildFile; fileRef = 1B16D05D15575E5500F0E0E7 /* NSString+SBJSON.m */; };
		1B16D06815575E5500F0E0E7 /* SBJSON.m in Sources */ = {isa = PBXBuildFile; fileRef = 1B16D05F15575E5500F0E0E7 /* SBJSON.m */; };
		1B16D06915575E5500F0E0E7 /* SBJsonBase.m in Sources */ = {isa = PBXBuildFile; fileRef = 1B16D06115575E5500F0E0E7 /* SBJsonBase.m */; };
		1B16D06A15575E5500F0E0E7 /* SBJsonParser.m in Sources */ = {isa = PBXBuildFile; fileRef = 1B16D06315575E5500F0E0E7 /* SBJsonParser.m */; };
		1B16D06B15575E5500F0E0E7 /* SBJsonWriter.m in Sources */ = {isa = PBXBuildFile; fileRef = 1B16D06515575E5500F0E0E7 /* SBJsonWriter.m */; };
		1B2ECBAD156869DD0056A942 /* DealSaver.m in Sources */ = {isa = PBXBuildFile; fileRef = 1B2ECBAC156869DD0056A942 /* DealSaver.m */; };
		1B2ECBB4156882A20056A942 /* sth.jpg in Resources */ = {isa = PBXBuildFile; fileRef = 1B2ECBB3156882A20056A942 /* sth.jpg */; };
		1B2ECBB6156886170056A942 /* camera.jpg in Resources */ = {isa = PBXBuildFile; fileRef = 1B2ECBB5156886170056A942 /* camera.jpg */; };
		1B5BFDA81550960600335348 /* UIKit.framework in Frameworks */ = {isa = PBXBuildFile; fileRef = 1B5BFDA71550960600335348 /* UIKit.framework */; };
		1B5BFDAA1550960600335348 /* Foundation.framework in Frameworks */ = {isa = PBXBuildFile; fileRef = 1B5BFDA91550960600335348 /* Foundation.framework */; };
		1B5BFDAC1550960600335348 /* CoreGraphics.framework in Frameworks */ = {isa = PBXBuildFile; fileRef = 1B5BFDAB1550960600335348 /* CoreGraphics.framework */; };
		1B5BFDB21550960600335348 /* InfoPlist.strings in Resources */ = {isa = PBXBuildFile; fileRef = 1B5BFDB01550960600335348 /* InfoPlist.strings */; };
		1B5BFDB41550960600335348 /* main.m in Sources */ = {isa = PBXBuildFile; fileRef = 1B5BFDB31550960600335348 /* main.m */; };
		1B5BFDB81550960600335348 /* AppDelegate.m in Sources */ = {isa = PBXBuildFile; fileRef = 1B5BFDB71550960600335348 /* AppDelegate.m */; };
		1B5BFDBD1550960700335348 /* first.png in Resources */ = {isa = PBXBuildFile; fileRef = 1B5BFDBC1550960700335348 /* first.png */; };
		1B5BFDBF1550960700335348 /* first@2x.png in Resources */ = {isa = PBXBuildFile; fileRef = 1B5BFDBE1550960700335348 /* first@2x.png */; };
		1B5BFDC41550960700335348 /* second.png in Resources */ = {isa = PBXBuildFile; fileRef = 1B5BFDC31550960700335348 /* second.png */; };
		1B5BFDC61550960700335348 /* second@2x.png in Resources */ = {isa = PBXBuildFile; fileRef = 1B5BFDC51550960700335348 /* second@2x.png */; };
		1B5BFDC91550960700335348 /* FirstViewController.xib in Resources */ = {isa = PBXBuildFile; fileRef = 1B5BFDC71550960700335348 /* FirstViewController.xib */; };
		1B5BFDCC1550960700335348 /* SecondViewController.xib in Resources */ = {isa = PBXBuildFile; fileRef = 1B5BFDCA1550960700335348 /* SecondViewController.xib */; };
		1B5BFDD41550960700335348 /* SenTestingKit.framework in Frameworks */ = {isa = PBXBuildFile; fileRef = 1B5BFDD31550960700335348 /* SenTestingKit.framework */; };
		1B5BFDD51550960700335348 /* UIKit.framework in Frameworks */ = {isa = PBXBuildFile; fileRef = 1B5BFDA71550960600335348 /* UIKit.framework */; };
		1B5BFDD61550960700335348 /* Foundation.framework in Frameworks */ = {isa = PBXBuildFile; fileRef = 1B5BFDA91550960600335348 /* Foundation.framework */; };
		1B5BFDDE1550960700335348 /* InfoPlist.strings in Resources */ = {isa = PBXBuildFile; fileRef = 1B5BFDDC1550960700335348 /* InfoPlist.strings */; };
		1B5BFDE11550960700335348 /* VidealTests.m in Sources */ = {isa = PBXBuildFile; fileRef = 1B5BFDE01550960700335348 /* VidealTests.m */; };
/* End PBXBuildFile section */

/* Begin PBXContainerItemProxy section */
		1B5BFDD71550960700335348 /* PBXContainerItemProxy */ = {
			isa = PBXContainerItemProxy;
			containerPortal = 1B5BFD9A1550960500335348 /* Project object */;
			proxyType = 1;
			remoteGlobalIDString = 1B5BFDA21550960600335348;
			remoteInfo = Videal;
		};
/* End PBXContainerItemProxy section */

/* Begin PBXFileReference section */
		0A218DAD156D9527008630D0 /* ItemViewController.h */ = {isa = PBXFileReference; fileEncoding = 4; lastKnownFileType = sourcecode.c.h; path = ItemViewController.h; sourceTree = "<group>"; };
		0A218DAE156D9527008630D0 /* ItemViewController.m */ = {isa = PBXFileReference; fileEncoding = 4; lastKnownFileType = sourcecode.c.objc; path = ItemViewController.m; sourceTree = "<group>"; };
		0A218DB1156E0D2C008630D0 /* CategoryViewController.h */ = {isa = PBXFileReference; fileEncoding = 4; lastKnownFileType = sourcecode.c.h; path = CategoryViewController.h; sourceTree = "<group>"; };
		0A218DB2156E0D2C008630D0 /* CategoryViewController.m */ = {isa = PBXFileReference; fileEncoding = 4; lastKnownFileType = sourcecode.c.objc; path = CategoryViewController.m; sourceTree = "<group>"; };
		0A2F27911571CC0400862BF0 /* GData.framework */ = {isa = PBXFileReference; lastKnownFileType = wrapper.framework; name = GData.framework; path = Videal/GData.framework; sourceTree = "<group>"; };
		0A744EF715606EC300D90528 /* EBayAuthViewController.h */ = {isa = PBXFileReference; fileEncoding = 4; lastKnownFileType = sourcecode.c.h; path = EBayAuthViewController.h; sourceTree = "<group>"; };
		0A744EF815606EC300D90528 /* EBayAuthViewController.m */ = {isa = PBXFileReference; fileEncoding = 4; lastKnownFileType = sourcecode.c.objc; path = EBayAuthViewController.m; sourceTree = "<group>"; };
		0A744EFE15607A9900D90528 /* EBayAuthClient.h */ = {isa = PBXFileReference; fileEncoding = 4; lastKnownFileType = sourcecode.c.h; path = EBayAuthClient.h; sourceTree = "<group>"; };
		0A744EFF15607A9900D90528 /* EBayAuthClient.m */ = {isa = PBXFileReference; fileEncoding = 4; lastKnownFileType = sourcecode.c.objc; path = EBayAuthClient.m; sourceTree = "<group>"; };
		0A744F011560B44200D90528 /* HttpPostHelper.h */ = {isa = PBXFileReference; fileEncoding = 4; lastKnownFileType = sourcecode.c.h; path = HttpPostHelper.h; sourceTree = "<group>"; };
		0A744F021560B44200D90528 /* HttpPostHelper.m */ = {isa = PBXFileReference; fileEncoding = 4; lastKnownFileType = sourcecode.c.objc; path = HttpPostHelper.m; sourceTree = "<group>"; };
		0A744F0A1560EB1D00D90528 /* XMLReader.h */ = {isa = PBXFileReference; fileEncoding = 4; lastKnownFileType = sourcecode.c.h; path = XMLReader.h; sourceTree = "<group>"; };
		0A744F0B1560EB1D00D90528 /* XMLReader.m */ = {isa = PBXFileReference; fileEncoding = 4; lastKnownFileType = sourcecode.c.objc; path = XMLReader.m; sourceTree = "<group>"; };
		0A7B61651570930B00F06657 /* OptionLists.h */ = {isa = PBXFileReference; fileEncoding = 4; lastKnownFileType = sourcecode.c.h; path = OptionLists.h; sourceTree = "<group>"; };
		0A7B61661570930B00F06657 /* OptionLists.m */ = {isa = PBXFileReference; fileEncoding = 4; lastKnownFileType = sourcecode.c.objc; path = OptionLists.m; sourceTree = "<group>"; };
		1B16D013155277E100F0E0E7 /* PostViewController.h */ = {isa = PBXFileReference; fileEncoding = 4; lastKnownFileType = sourcecode.c.h; path = PostViewController.h; sourceTree = "<group>"; };
		1B16D014155277E100F0E0E7 /* PostViewController.m */ = {isa = PBXFileReference; fileEncoding = 4; lastKnownFileType = sourcecode.c.objc; path = PostViewController.m; sourceTree = "<group>"; };
		1B16D01D1552828D00F0E0E7 /* MobileCoreServices.framework */ = {isa = PBXFileReference; lastKnownFileType = wrapper.framework; name = MobileCoreServices.framework; path = System/Library/Frameworks/MobileCoreServices.framework; sourceTree = SDKROOT; };
		1B16D02A155290CA00F0E0E7 /* VideoViewController.h */ = {isa = PBXFileReference; fileEncoding = 4; lastKnownFileType = sourcecode.c.h; path = VideoViewController.h; sourceTree = "<group>"; };
		1B16D02B155290FE00F0E0E7 /* VideoViewController.m */ = {isa = PBXFileReference; fileEncoding = 4; lastKnownFileType = sourcecode.c.objc; path = VideoViewController.m; sourceTree = "<group>"; };
		1B16D0441556EF3500F0E0E7 /* PostDetailViewController.h */ = {isa = PBXFileReference; fileEncoding = 4; lastKnownFileType = sourcecode.c.h; path = PostDetailViewController.h; sourceTree = "<group>"; };
		1B16D0451556EF3500F0E0E7 /* PostDetailViewController.m */ = {isa = PBXFileReference; fileEncoding = 4; lastKnownFileType = sourcecode.c.objc; path = PostDetailViewController.m; sourceTree = "<group>"; };
		1B16D0481556F56200F0E0E7 /* QuartzCore.framework */ = {isa = PBXFileReference; lastKnownFileType = wrapper.framework; name = QuartzCore.framework; path = System/Library/Frameworks/QuartzCore.framework; sourceTree = SDKROOT; };
		1B16D04E1557581E00F0E0E7 /* YouTubeClient.h */ = {isa = PBXFileReference; fileEncoding = 4; lastKnownFileType = sourcecode.c.h; path = YouTubeClient.h; sourceTree = "<group>"; };
		1B16D04F1557581F00F0E0E7 /* YouTubeClient.m */ = {isa = PBXFileReference; fileEncoding = 4; lastKnownFileType = sourcecode.c.objc; path = YouTubeClient.m; sourceTree = "<group>"; };
		1B16D05915575E5500F0E0E7 /* JSON.h */ = {isa = PBXFileReference; fileEncoding = 4; lastKnownFileType = sourcecode.c.h; path = JSON.h; sourceTree = "<group>"; };
		1B16D05A15575E5500F0E0E7 /* NSObject+SBJSON.h */ = {isa = PBXFileReference; fileEncoding = 4; lastKnownFileType = sourcecode.c.h; path = "NSObject+SBJSON.h"; sourceTree = "<group>"; };
		1B16D05B15575E5500F0E0E7 /* NSObject+SBJSON.m */ = {isa = PBXFileReference; fileEncoding = 4; lastKnownFileType = sourcecode.c.objc; path = "NSObject+SBJSON.m"; sourceTree = "<group>"; };
		1B16D05C15575E5500F0E0E7 /* NSString+SBJSON.h */ = {isa = PBXFileReference; fileEncoding = 4; lastKnownFileType = sourcecode.c.h; path = "NSString+SBJSON.h"; sourceTree = "<group>"; };
		1B16D05D15575E5500F0E0E7 /* NSString+SBJSON.m */ = {isa = PBXFileReference; fileEncoding = 4; lastKnownFileType = sourcecode.c.objc; path = "NSString+SBJSON.m"; sourceTree = "<group>"; };
		1B16D05E15575E5500F0E0E7 /* SBJSON.h */ = {isa = PBXFileReference; fileEncoding = 4; lastKnownFileType = sourcecode.c.h; path = SBJSON.h; sourceTree = "<group>"; };
		1B16D05F15575E5500F0E0E7 /* SBJSON.m */ = {isa = PBXFileReference; fileEncoding = 4; lastKnownFileType = sourcecode.c.objc; path = SBJSON.m; sourceTree = "<group>"; };
		1B16D06015575E5500F0E0E7 /* SBJsonBase.h */ = {isa = PBXFileReference; fileEncoding = 4; lastKnownFileType = sourcecode.c.h; path = SBJsonBase.h; sourceTree = "<group>"; };
		1B16D06115575E5500F0E0E7 /* SBJsonBase.m */ = {isa = PBXFileReference; fileEncoding = 4; lastKnownFileType = sourcecode.c.objc; path = SBJsonBase.m; sourceTree = "<group>"; };
		1B16D06215575E5500F0E0E7 /* SBJsonParser.h */ = {isa = PBXFileReference; fileEncoding = 4; lastKnownFileType = sourcecode.c.h; path = SBJsonParser.h; sourceTree = "<group>"; };
		1B16D06315575E5500F0E0E7 /* SBJsonParser.m */ = {isa = PBXFileReference; fileEncoding = 4; lastKnownFileType = sourcecode.c.objc; path = SBJsonParser.m; sourceTree = "<group>"; };
		1B16D06415575E5500F0E0E7 /* SBJsonWriter.h */ = {isa = PBXFileReference; fileEncoding = 4; lastKnownFileType = sourcecode.c.h; path = SBJsonWriter.h; sourceTree = "<group>"; };
		1B16D06515575E5500F0E0E7 /* SBJsonWriter.m */ = {isa = PBXFileReference; fileEncoding = 4; lastKnownFileType = sourcecode.c.objc; path = SBJsonWriter.m; sourceTree = "<group>"; };
		1B2ECBAB156869DD0056A942 /* DealSaver.h */ = {isa = PBXFileReference; fileEncoding = 4; lastKnownFileType = sourcecode.c.h; path = DealSaver.h; sourceTree = "<group>"; };
		1B2ECBAC156869DD0056A942 /* DealSaver.m */ = {isa = PBXFileReference; fileEncoding = 4; lastKnownFileType = sourcecode.c.objc; path = DealSaver.m; sourceTree = "<group>"; };
		1B2ECBB3156882A20056A942 /* sth.jpg */ = {isa = PBXFileReference; lastKnownFileType = image.jpeg; path = sth.jpg; sourceTree = "<group>"; };
		1B2ECBB5156886170056A942 /* camera.jpg */ = {isa = PBXFileReference; lastKnownFileType = image.jpeg; path = camera.jpg; sourceTree = "<group>"; };
		1B5BFDA31550960600335348 /* Videal.app */ = {isa = PBXFileReference; explicitFileType = wrapper.application; includeInIndex = 0; path = Videal.app; sourceTree = BUILT_PRODUCTS_DIR; };
		1B5BFDA71550960600335348 /* UIKit.framework */ = {isa = PBXFileReference; lastKnownFileType = wrapper.framework; name = UIKit.framework; path = System/Library/Frameworks/UIKit.framework; sourceTree = SDKROOT; };
		1B5BFDA91550960600335348 /* Foundation.framework */ = {isa = PBXFileReference; lastKnownFileType = wrapper.framework; name = Foundation.framework; path = System/Library/Frameworks/Foundation.framework; sourceTree = SDKROOT; };
		1B5BFDAB1550960600335348 /* CoreGraphics.framework */ = {isa = PBXFileReference; lastKnownFileType = wrapper.framework; name = CoreGraphics.framework; path = System/Library/Frameworks/CoreGraphics.framework; sourceTree = SDKROOT; };
		1B5BFDAF1550960600335348 /* Videal-Info.plist */ = {isa = PBXFileReference; lastKnownFileType = text.plist.xml; path = "Videal-Info.plist"; sourceTree = "<group>"; };
		1B5BFDB11550960600335348 /* en */ = {isa = PBXFileReference; lastKnownFileType = text.plist.strings; name = en; path = en.lproj/InfoPlist.strings; sourceTree = "<group>"; };
		1B5BFDB31550960600335348 /* main.m */ = {isa = PBXFileReference; lastKnownFileType = sourcecode.c.objc; path = main.m; sourceTree = "<group>"; };
		1B5BFDB51550960600335348 /* Videal-Prefix.pch */ = {isa = PBXFileReference; lastKnownFileType = sourcecode.c.h; path = "Videal-Prefix.pch"; sourceTree = "<group>"; };
		1B5BFDB61550960600335348 /* AppDelegate.h */ = {isa = PBXFileReference; lastKnownFileType = sourcecode.c.h; path = AppDelegate.h; sourceTree = "<group>"; };
		1B5BFDB71550960600335348 /* AppDelegate.m */ = {isa = PBXFileReference; lastKnownFileType = sourcecode.c.objc; path = AppDelegate.m; sourceTree = "<group>"; };
		1B5BFDBC1550960700335348 /* first.png */ = {isa = PBXFileReference; lastKnownFileType = image.png; path = first.png; sourceTree = "<group>"; };
		1B5BFDBE1550960700335348 /* first@2x.png */ = {isa = PBXFileReference; lastKnownFileType = image.png; path = "first@2x.png"; sourceTree = "<group>"; };
		1B5BFDC31550960700335348 /* second.png */ = {isa = PBXFileReference; lastKnownFileType = image.png; path = second.png; sourceTree = "<group>"; };
		1B5BFDC51550960700335348 /* second@2x.png */ = {isa = PBXFileReference; lastKnownFileType = image.png; path = "second@2x.png"; sourceTree = "<group>"; };
		1B5BFDC81550960700335348 /* en */ = {isa = PBXFileReference; lastKnownFileType = file.xib; name = en; path = en.lproj/FirstViewController.xib; sourceTree = "<group>"; };
		1B5BFDCB1550960700335348 /* en */ = {isa = PBXFileReference; lastKnownFileType = file.xib; name = en; path = en.lproj/SecondViewController.xib; sourceTree = "<group>"; };
		1B5BFDD21550960700335348 /* VidealTests.octest */ = {isa = PBXFileReference; explicitFileType = wrapper.cfbundle; includeInIndex = 0; path = VidealTests.octest; sourceTree = BUILT_PRODUCTS_DIR; };
		1B5BFDD31550960700335348 /* SenTestingKit.framework */ = {isa = PBXFileReference; lastKnownFileType = wrapper.framework; name = SenTestingKit.framework; path = Library/Frameworks/SenTestingKit.framework; sourceTree = DEVELOPER_DIR; };
		1B5BFDDB1550960700335348 /* VidealTests-Info.plist */ = {isa = PBXFileReference; lastKnownFileType = text.plist.xml; path = "VidealTests-Info.plist"; sourceTree = "<group>"; };
		1B5BFDDD1550960700335348 /* en */ = {isa = PBXFileReference; lastKnownFileType = text.plist.strings; name = en; path = en.lproj/InfoPlist.strings; sourceTree = "<group>"; };
		1B5BFDDF1550960700335348 /* VidealTests.h */ = {isa = PBXFileReference; lastKnownFileType = sourcecode.c.h; path = VidealTests.h; sourceTree = "<group>"; };
		1B5BFDE01550960700335348 /* VidealTests.m */ = {isa = PBXFileReference; lastKnownFileType = sourcecode.c.objc; path = VidealTests.m; sourceTree = "<group>"; };
/* End PBXFileReference section */

/* Begin PBXFrameworksBuildPhase section */
		1B5BFDA01550960600335348 /* Frameworks */ = {
			isa = PBXFrameworksBuildPhase;
			buildActionMask = 2147483647;
			files = (
				1B16D0491556F56200F0E0E7 /* QuartzCore.framework in Frameworks */,
				1B16D01E1552828D00F0E0E7 /* MobileCoreServices.framework in Frameworks */,
				1B5BFDA81550960600335348 /* UIKit.framework in Frameworks */,
				1B5BFDAA1550960600335348 /* Foundation.framework in Frameworks */,
				1B5BFDAC1550960600335348 /* CoreGraphics.framework in Frameworks */,
				0A2F27921571CC0400862BF0 /* GData.framework in Frameworks */,
			);
			runOnlyForDeploymentPostprocessing = 0;
		};
		1B5BFDCE1550960700335348 /* Frameworks */ = {
			isa = PBXFrameworksBuildPhase;
			buildActionMask = 2147483647;
			files = (
				1B5BFDD41550960700335348 /* SenTestingKit.framework in Frameworks */,
				1B5BFDD51550960700335348 /* UIKit.framework in Frameworks */,
				1B5BFDD61550960700335348 /* Foundation.framework in Frameworks */,
			);
			runOnlyForDeploymentPostprocessing = 0;
		};
/* End PBXFrameworksBuildPhase section */

/* Begin PBXGroup section */
		1B16D05815575E5500F0E0E7 /* JSON */ = {
			isa = PBXGroup;
			children = (
				1B16D05915575E5500F0E0E7 /* JSON.h */,
				1B16D05A15575E5500F0E0E7 /* NSObject+SBJSON.h */,
				1B16D05B15575E5500F0E0E7 /* NSObject+SBJSON.m */,
				1B16D05C15575E5500F0E0E7 /* NSString+SBJSON.h */,
				1B16D05D15575E5500F0E0E7 /* NSString+SBJSON.m */,
				1B16D05E15575E5500F0E0E7 /* SBJSON.h */,
				1B16D05F15575E5500F0E0E7 /* SBJSON.m */,
				1B16D06015575E5500F0E0E7 /* SBJsonBase.h */,
				1B16D06115575E5500F0E0E7 /* SBJsonBase.m */,
				1B16D06215575E5500F0E0E7 /* SBJsonParser.h */,
				1B16D06315575E5500F0E0E7 /* SBJsonParser.m */,
				1B16D06415575E5500F0E0E7 /* SBJsonWriter.h */,
				1B16D06515575E5500F0E0E7 /* SBJsonWriter.m */,
			);
			path = JSON;
			sourceTree = "<group>";
		};
		1B5BFD981550960500335348 = {
			isa = PBXGroup;
			children = (
				1B5BFDAD1550960600335348 /* Videal */,
				1B5BFDD91550960700335348 /* VidealTests */,
				1B5BFDA61550960600335348 /* Frameworks */,
				1B5BFDA41550960600335348 /* Products */,
			);
			sourceTree = "<group>";
		};
		1B5BFDA41550960600335348 /* Products */ = {
			isa = PBXGroup;
			children = (
				1B5BFDA31550960600335348 /* Videal.app */,
				1B5BFDD21550960700335348 /* VidealTests.octest */,
			);
			name = Products;
			sourceTree = "<group>";
		};
		1B5BFDA61550960600335348 /* Frameworks */ = {
			isa = PBXGroup;
			children = (
				0A2F27911571CC0400862BF0 /* GData.framework */,
				1B16D0481556F56200F0E0E7 /* QuartzCore.framework */,
				1B16D01D1552828D00F0E0E7 /* MobileCoreServices.framework */,
				1B5BFDA71550960600335348 /* UIKit.framework */,
				1B5BFDA91550960600335348 /* Foundation.framework */,
				1B5BFDAB1550960600335348 /* CoreGraphics.framework */,
				1B5BFDD31550960700335348 /* SenTestingKit.framework */,
			);
			name = Frameworks;
			sourceTree = "<group>";
		};
		1B5BFDAD1550960600335348 /* Videal */ = {
			isa = PBXGroup;
			children = (
				1B5BFDB61550960600335348 /* AppDelegate.h */,
				1B5BFDB71550960600335348 /* AppDelegate.m */,
				1B2ECBAB156869DD0056A942 /* DealSaver.h */,
				1B2ECBAC156869DD0056A942 /* DealSaver.m */,
				1B16D013155277E100F0E0E7 /* PostViewController.h */,
				1B16D014155277E100F0E0E7 /* PostViewController.m */,
				1B16D0441556EF3500F0E0E7 /* PostDetailViewController.h */,
				1B16D0451556EF3500F0E0E7 /* PostDetailViewController.m */,
				1B16D04E1557581E00F0E0E7 /* YouTubeClient.h */,
				1B16D04F1557581F00F0E0E7 /* YouTubeClient.m */,
				0A744EFE15607A9900D90528 /* EBayAuthClient.h */,
				0A744EFF15607A9900D90528 /* EBayAuthClient.m */,
				0A744F0A1560EB1D00D90528 /* XMLReader.h */,
				0A744F0B1560EB1D00D90528 /* XMLReader.m */,
				0A744F011560B44200D90528 /* HttpPostHelper.h */,
				0A744F021560B44200D90528 /* HttpPostHelper.m */,
				0A744EF715606EC300D90528 /* EBayAuthViewController.h */,
				0A744EF815606EC300D90528 /* EBayAuthViewController.m */,
				0A218DAD156D9527008630D0 /* ItemViewController.h */,
				0A218DAE156D9527008630D0 /* ItemViewController.m */,
				0A7B61651570930B00F06657 /* OptionLists.h */,
				0A7B61661570930B00F06657 /* OptionLists.m */,
				0A218DB1156E0D2C008630D0 /* CategoryViewController.h */,
				0A218DB2156E0D2C008630D0 /* CategoryViewController.m */,
				1B16D02A155290CA00F0E0E7 /* VideoViewController.h */,
				1B16D02B155290FE00F0E0E7 /* VideoViewController.m */,
				1B5BFDC71550960700335348 /* FirstViewController.xib */,
				1B5BFDCA1550960700335348 /* SecondViewController.xib */,
				1B5BFDAE1550960600335348 /* Supporting Files */,
			);
			path = Videal;
			sourceTree = "<group>";
		};
		1B5BFDAE1550960600335348 /* Supporting Files */ = {
			isa = PBXGroup;
			children = (
				1B2ECBB3156882A20056A942 /* sth.jpg */,
				1B2ECBB5156886170056A942 /* camera.jpg */,
				1B16D05815575E5500F0E0E7 /* JSON */,
				1B5BFDBC1550960700335348 /* first.png */,
				1B5BFDBE1550960700335348 /* first@2x.png */,
				1B5BFDC51550960700335348 /* second@2x.png */,
				1B5BFDC31550960700335348 /* second.png */,
				1B5BFDAF1550960600335348 /* Videal-Info.plist */,
				1B5BFDB01550960600335348 /* InfoPlist.strings */,
				1B5BFDB31550960600335348 /* main.m */,
				1B5BFDB51550960600335348 /* Videal-Prefix.pch */,
			);
			name = "Supporting Files";
			sourceTree = "<group>";
		};
		1B5BFDD91550960700335348 /* VidealTests */ = {
			isa = PBXGroup;
			children = (
				1B5BFDDF1550960700335348 /* VidealTests.h */,
				1B5BFDE01550960700335348 /* VidealTests.m */,
				1B5BFDDA1550960700335348 /* Supporting Files */,
			);
			path = VidealTests;
			sourceTree = "<group>";
		};
		1B5BFDDA1550960700335348 /* Supporting Files */ = {
			isa = PBXGroup;
			children = (
				1B5BFDDB1550960700335348 /* VidealTests-Info.plist */,
				1B5BFDDC1550960700335348 /* InfoPlist.strings */,
			);
			name = "Supporting Files";
			sourceTree = "<group>";
		};
/* End PBXGroup section */

/* Begin PBXNativeTarget section */
		1B5BFDA21550960600335348 /* Videal */ = {
			isa = PBXNativeTarget;
			buildConfigurationList = 1B5BFDE41550960700335348 /* Build configuration list for PBXNativeTarget "Videal" */;
			buildPhases = (
				1B5BFD9F1550960600335348 /* Sources */,
				1B5BFDA01550960600335348 /* Frameworks */,
				1B5BFDA11550960600335348 /* Resources */,
			);
			buildRules = (
			);
			dependencies = (
			);
			name = Videal;
			productName = Videal;
			productReference = 1B5BFDA31550960600335348 /* Videal.app */;
			productType = "com.apple.product-type.application";
		};
		1B5BFDD11550960700335348 /* VidealTests */ = {
			isa = PBXNativeTarget;
			buildConfigurationList = 1B5BFDE71550960700335348 /* Build configuration list for PBXNativeTarget "VidealTests" */;
			buildPhases = (
				1B5BFDCD1550960700335348 /* Sources */,
				1B5BFDCE1550960700335348 /* Frameworks */,
				1B5BFDCF1550960700335348 /* Resources */,
				1B5BFDD01550960700335348 /* ShellScript */,
			);
			buildRules = (
			);
			dependencies = (
				1B5BFDD81550960700335348 /* PBXTargetDependency */,
			);
			name = VidealTests;
			productName = VidealTests;
			productReference = 1B5BFDD21550960700335348 /* VidealTests.octest */;
			productType = "com.apple.product-type.bundle";
		};
/* End PBXNativeTarget section */

/* Begin PBXProject section */
		1B5BFD9A1550960500335348 /* Project object */ = {
			isa = PBXProject;
			attributes = {
				LastUpgradeCheck = 0420;
				ORGANIZATIONNAME = "Stanford University";
			};
			buildConfigurationList = 1B5BFD9D1550960500335348 /* Build configuration list for PBXProject "Videal" */;
			compatibilityVersion = "Xcode 3.2";
			developmentRegion = English;
			hasScannedForEncodings = 0;
			knownRegions = (
				en,
			);
			mainGroup = 1B5BFD981550960500335348;
			productRefGroup = 1B5BFDA41550960600335348 /* Products */;
			projectDirPath = "";
			projectRoot = "";
			targets = (
				1B5BFDA21550960600335348 /* Videal */,
				1B5BFDD11550960700335348 /* VidealTests */,
			);
		};
/* End PBXProject section */

/* Begin PBXResourcesBuildPhase section */
		1B5BFDA11550960600335348 /* Resources */ = {
			isa = PBXResourcesBuildPhase;
			buildActionMask = 2147483647;
			files = (
				1B5BFDB21550960600335348 /* InfoPlist.strings in Resources */,
				1B5BFDBD1550960700335348 /* first.png in Resources */,
				1B5BFDBF1550960700335348 /* first@2x.png in Resources */,
				1B5BFDC41550960700335348 /* second.png in Resources */,
				1B5BFDC61550960700335348 /* second@2x.png in Resources */,
				1B5BFDC91550960700335348 /* FirstViewController.xib in Resources */,
				1B5BFDCC1550960700335348 /* SecondViewController.xib in Resources */,
				1B2ECBB4156882A20056A942 /* sth.jpg in Resources */,
				1B2ECBB6156886170056A942 /* camera.jpg in Resources */,
			);
			runOnlyForDeploymentPostprocessing = 0;
		};
		1B5BFDCF1550960700335348 /* Resources */ = {
			isa = PBXResourcesBuildPhase;
			buildActionMask = 2147483647;
			files = (
				1B5BFDDE1550960700335348 /* InfoPlist.strings in Resources */,
			);
			runOnlyForDeploymentPostprocessing = 0;
		};
/* End PBXResourcesBuildPhase section */

/* Begin PBXShellScriptBuildPhase section */
		1B5BFDD01550960700335348 /* ShellScript */ = {
			isa = PBXShellScriptBuildPhase;
			buildActionMask = 2147483647;
			files = (
			);
			inputPaths = (
			);
			outputPaths = (
			);
			runOnlyForDeploymentPostprocessing = 0;
			shellPath = /bin/sh;
			shellScript = "# Run the unit tests in this test bundle.\n\"${SYSTEM_DEVELOPER_DIR}/Tools/RunUnitTests\"\n";
		};
/* End PBXShellScriptBuildPhase section */

/* Begin PBXSourcesBuildPhase section */
		1B5BFD9F1550960600335348 /* Sources */ = {
			isa = PBXSourcesBuildPhase;
			buildActionMask = 2147483647;
			files = (
				1B5BFDB41550960600335348 /* main.m in Sources */,
				1B5BFDB81550960600335348 /* AppDelegate.m in Sources */,
				1B16D015155277E100F0E0E7 /* PostViewController.m in Sources */,
				1B16D02C155290FE00F0E0E7 /* VideoViewController.m in Sources */,
				1B16D0461556EF3500F0E0E7 /* PostDetailViewController.m in Sources */,
				1B16D0501557581F00F0E0E7 /* YouTubeClient.m in Sources */,
				1B16D06615575E5500F0E0E7 /* NSObject+SBJSON.m in Sources */,
				1B16D06715575E5500F0E0E7 /* NSString+SBJSON.m in Sources */,
				1B16D06815575E5500F0E0E7 /* SBJSON.m in Sources */,
				1B16D06915575E5500F0E0E7 /* SBJsonBase.m in Sources */,
				1B16D06A15575E5500F0E0E7 /* SBJsonParser.m in Sources */,
				1B16D06B15575E5500F0E0E7 /* SBJsonWriter.m in Sources */,
				0A744EF915606EC400D90528 /* EBayAuthViewController.m in Sources */,
				0A744F0015607A9A00D90528 /* EBayAuthClient.m in Sources */,
				0A744F031560B44300D90528 /* HttpPostHelper.m in Sources */,
				0A744F0C1560EB1E00D90528 /* XMLReader.m in Sources */,
				1B2ECBAD156869DD0056A942 /* DealSaver.m in Sources */,
				0A218DAF156D9527008630D0 /* ItemViewController.m in Sources */,
				0A218DB3156E0D2C008630D0 /* CategoryViewController.m in Sources */,
				0A7B61671570930B00F06657 /* OptionLists.m in Sources */,
			);
			runOnlyForDeploymentPostprocessing = 0;
		};
		1B5BFDCD1550960700335348 /* Sources */ = {
			isa = PBXSourcesBuildPhase;
			buildActionMask = 2147483647;
			files = (
				1B5BFDE11550960700335348 /* VidealTests.m in Sources */,
			);
			runOnlyForDeploymentPostprocessing = 0;
		};
/* End PBXSourcesBuildPhase section */

/* Begin PBXTargetDependency section */
		1B5BFDD81550960700335348 /* PBXTargetDependency */ = {
			isa = PBXTargetDependency;
			target = 1B5BFDA21550960600335348 /* Videal */;
			targetProxy = 1B5BFDD71550960700335348 /* PBXContainerItemProxy */;
		};
/* End PBXTargetDependency section */

/* Begin PBXVariantGroup section */
		1B5BFDB01550960600335348 /* InfoPlist.strings */ = {
			isa = PBXVariantGroup;
			children = (
				1B5BFDB11550960600335348 /* en */,
			);
			name = InfoPlist.strings;
			sourceTree = "<group>";
		};
		1B5BFDC71550960700335348 /* FirstViewController.xib */ = {
			isa = PBXVariantGroup;
			children = (
				1B5BFDC81550960700335348 /* en */,
			);
			name = FirstViewController.xib;
			sourceTree = "<group>";
		};
		1B5BFDCA1550960700335348 /* SecondViewController.xib */ = {
			isa = PBXVariantGroup;
			children = (
				1B5BFDCB1550960700335348 /* en */,
			);
			name = SecondViewController.xib;
			sourceTree = "<group>";
		};
		1B5BFDDC1550960700335348 /* InfoPlist.strings */ = {
			isa = PBXVariantGroup;
			children = (
				1B5BFDDD1550960700335348 /* en */,
			);
			name = InfoPlist.strings;
			sourceTree = "<group>";
		};
/* End PBXVariantGroup section */

/* Begin XCBuildConfiguration section */
		1B5BFDE21550960700335348 /* Debug */ = {
			isa = XCBuildConfiguration;
			buildSettings = {
				ALWAYS_SEARCH_USER_PATHS = NO;
				ARCHS = "$(ARCHS_STANDARD_32_BIT)";
				CLANG_ENABLE_OBJC_ARC = YES;
				CODE_SIGN_IDENTITY = "com.apple.ubiquity.peer-uuid.3FB01488-3693-48D9-9755-657A98CF5863";
				"CODE_SIGN_IDENTITY[sdk=iphoneos*]" = "iPhone Developer";
				COPY_PHASE_STRIP = NO;
				GCC_C_LANGUAGE_STANDARD = gnu99;
				GCC_DYNAMIC_NO_PIC = NO;
				GCC_OPTIMIZATION_LEVEL = 0;
				GCC_PREPROCESSOR_DEFINITIONS = (
					"DEBUG=1",
					"$(inherited)",
				);
				GCC_SYMBOLS_PRIVATE_EXTERN = NO;
				GCC_VERSION = com.apple.compilers.llvm.clang.1_0;
				GCC_WARN_ABOUT_MISSING_PROTOTYPES = YES;
				GCC_WARN_ABOUT_RETURN_TYPE = YES;
				GCC_WARN_UNUSED_VARIABLE = YES;
				IPHONEOS_DEPLOYMENT_TARGET = 5.0;
				PROVISIONING_PROFILE = "";
				SDKROOT = iphoneos;
			};
			name = Debug;
		};
		1B5BFDE31550960700335348 /* Release */ = {
			isa = XCBuildConfiguration;
			buildSettings = {
				ALWAYS_SEARCH_USER_PATHS = NO;
				ARCHS = "$(ARCHS_STANDARD_32_BIT)";
				CLANG_ENABLE_OBJC_ARC = YES;
				CODE_SIGN_IDENTITY = "com.apple.ubiquity.peer-uuid.3FB01488-3693-48D9-9755-657A98CF5863";
				"CODE_SIGN_IDENTITY[sdk=iphoneos*]" = "iPhone Developer";
				COPY_PHASE_STRIP = YES;
				GCC_C_LANGUAGE_STANDARD = gnu99;
				GCC_VERSION = com.apple.compilers.llvm.clang.1_0;
				GCC_WARN_ABOUT_MISSING_PROTOTYPES = YES;
				GCC_WARN_ABOUT_RETURN_TYPE = YES;
				GCC_WARN_UNUSED_VARIABLE = YES;
				IPHONEOS_DEPLOYMENT_TARGET = 5.0;
				OTHER_CFLAGS = "-DNS_BLOCK_ASSERTIONS=1";
				PROVISIONING_PROFILE = "";
				SDKROOT = iphoneos;
				VALIDATE_PRODUCT = YES;
			};
			name = Release;
		};
		1B5BFDE51550960700335348 /* Debug */ = {
			isa = XCBuildConfiguration;
			buildSettings = {
				CODE_SIGN_IDENTITY = "iPhone Developer: Do Hyeong Kwon (8RBSXTYP5A)";
				FRAMEWORK_SEARCH_PATHS = (
					"$(inherited)",
					"\"$(SRCROOT)/Videal\"",
				);
				GCC_PRECOMPILE_PREFIX_HEADER = YES;
				GCC_PREFIX_HEADER = "Videal/Videal-Prefix.pch";
				INFOPLIST_FILE = "Videal/Videal-Info.plist";
				IPHONEOS_DEPLOYMENT_TARGET = 5.0;
				PRODUCT_NAME = "$(TARGET_NAME)";
				PROVISIONING_PROFILE = "3CB2429D-809E-45BD-9E58-E44520C00EEA";
				SDKROOT = iphoneos;
				TARGETED_DEVICE_FAMILY = 1;
				WRAPPER_EXTENSION = app;
			};
			name = Debug;
		};
		1B5BFDE61550960700335348 /* Release */ = {
			isa = XCBuildConfiguration;
			buildSettings = {
				CODE_SIGN_IDENTITY = "iPhone Developer: Do Hyeong Kwon (8RBSXTYP5A)";
				FRAMEWORK_SEARCH_PATHS = (
					"$(inherited)",
					"\"$(SRCROOT)/Videal\"",
				);
				GCC_PRECOMPILE_PREFIX_HEADER = YES;
				GCC_PREFIX_HEADER = "Videal/Videal-Prefix.pch";
				INFOPLIST_FILE = "Videal/Videal-Info.plist";
				IPHONEOS_DEPLOYMENT_TARGET = 5.0;
				PRODUCT_NAME = "$(TARGET_NAME)";
				PROVISIONING_PROFILE = "3CB2429D-809E-45BD-9E58-E44520C00EEA";
				SDKROOT = iphoneos;
				TARGETED_DEVICE_FAMILY = 1;
				WRAPPER_EXTENSION = app;
			};
			name = Release;
		};
		1B5BFDE81550960700335348 /* Debug */ = {
			isa = XCBuildConfiguration;
			buildSettings = {
				BUNDLE_LOADER = "$(BUILT_PRODUCTS_DIR)/Videal.app/Videal";
				FRAMEWORK_SEARCH_PATHS = (
					"$(SDKROOT)/Developer/Library/Frameworks",
					"$(DEVELOPER_LIBRARY_DIR)/Frameworks",
				);
				GCC_PRECOMPILE_PREFIX_HEADER = YES;
				GCC_PREFIX_HEADER = "Videal/Videal-Prefix.pch";
				INFOPLIST_FILE = "VidealTests/VidealTests-Info.plist";
				PRODUCT_NAME = "$(TARGET_NAME)";
				TEST_HOST = "$(BUNDLE_LOADER)";
				WRAPPER_EXTENSION = octest;
			};
			name = Debug;
		};
		1B5BFDE91550960700335348 /* Release */ = {
			isa = XCBuildConfiguration;
			buildSettings = {
				BUNDLE_LOADER = "$(BUILT_PRODUCTS_DIR)/Videal.app/Videal";
				FRAMEWORK_SEARCH_PATHS = (
					"$(SDKROOT)/Developer/Library/Frameworks",
					"$(DEVELOPER_LIBRARY_DIR)/Frameworks",
				);
				GCC_PRECOMPILE_PREFIX_HEADER = YES;
				GCC_PREFIX_HEADER = "Videal/Videal-Prefix.pch";
				INFOPLIST_FILE = "VidealTests/VidealTests-Info.plist";
				PRODUCT_NAME = "$(TARGET_NAME)";
				TEST_HOST = "$(BUNDLE_LOADER)";
				WRAPPER_EXTENSION = octest;
			};
			name = Release;
		};
/* End XCBuildConfiguration section */

/* Begin XCConfigurationList section */
		1B5BFD9D1550960500335348 /* Build configuration list for PBXProject "Videal" */ = {
			isa = XCConfigurationList;
			buildConfigurations = (
				1B5BFDE21550960700335348 /* Debug */,
				1B5BFDE31550960700335348 /* Release */,
			);
			defaultConfigurationIsVisible = 0;
			defaultConfigurationName = Release;
		};
		1B5BFDE41550960700335348 /* Build configuration list for PBXNativeTarget "Videal" */ = {
			isa = XCConfigurationList;
			buildConfigurations = (
				1B5BFDE51550960700335348 /* Debug */,
				1B5BFDE61550960700335348 /* Release */,
			);
			defaultConfigurationIsVisible = 0;
			defaultConfigurationName = Release;
		};
		1B5BFDE71550960700335348 /* Build configuration list for PBXNativeTarget "VidealTests" */ = {
			isa = XCConfigurationList;
			buildConfigurations = (
				1B5BFDE81550960700335348 /* Debug */,
				1B5BFDE91550960700335348 /* Release */,
			);
			defaultConfigurationIsVisible = 0;
			defaultConfigurationName = Release;
		};
/* End XCConfigurationList section */
	};
	rootObject = 1B5BFD9A1550960500335348 /* Project object */;
}
